
Microsoft Visual Studio Solution File, Format Version 12.00
# Visual Studio Version 17
VisualStudioVersion = 17.0.31717.71
MinimumVisualStudioVersion = 10.0.40219.1
Project("{9A19103F-16F7-4668-BE54-9A1E7A4F7556}") = "bifeldy_sd3_mbz_60", "bifeldy_sd3_mbz_60.csproj", "{FF34808A-B448-451C-860E-8F5AB8F80B5C}"
EndProject
Global
	GlobalSection(SolutionConfigurationPlatforms) = preSolution
		Debug|Any CPU = Debug|Any CPU
		Release|Any CPU = Release|Any CPU
	EndGlobalSection
	GlobalSection(ProjectConfigurationPlatforms) = postSolution
		{FF34808A-B448-451C-860E-8F5AB8F80B5C}.Debug|Any CPU.ActiveCfg = Debug|Any CPU
		{FF34808A-B448-451C-860E-8F5AB8F80B5C}.Debug|Any CPU.Build.0 = Debug|Any CPU
		{FF34808A-B448-451C-860E-8F5AB8F80B5C}.Release|Any CPU.ActiveCfg = Release|Any CPU
		{FF34808A-B448-451C-860E-8F5AB8F80B5C}.Release|Any CPU.Build.0 = Release|Any CPU
	EndGlobalSection
	GlobalSection(SolutionProperties) = preSolution
		HideSolutionNode = FALSE
	EndGlobalSection
	GlobalSection(ExtensibilityGlobals) = postSolution
		SolutionGuid = {73F092EB-1695-4977-A0B9-2C7230220FB6}
	EndGlobalSection
EndGlobal